
Microsoft Visual Studio Solution File, Format Version 12.00
# Visual Studio 15
VisualStudioVersion = 15.0.28010.2046
MinimumVisualStudioVersion = 10.0.40219.1
Project("{FAE04EC0-301F-11D3-BF4B-00C04F79EFBC}") = "EserciziMistero", "EserciziMistero\EserciziMistero.csproj", "{4BFED390-046B-4D66-92F4-18E9FD182F10}"
EndProject
Global
	GlobalSection(SolutionConfigurationPlatforms) = preSolution
		Debug|Any CPU = Debug|Any CPU
		Release|Any CPU = Release|Any CPU
	EndGlobalSection
	GlobalSection(ProjectConfigurationPlatforms) = postSolution
		{4BFED390-046B-4D66-92F4-18E9FD182F10}.Debug|Any CPU.ActiveCfg = Debug|Any CPU
		{4BFED390-046B-4D66-92F4-18E9FD182F10}.Debug|Any CPU.Build.0 = Debug|Any CPU
		{4BFED390-046B-4D66-92F4-18E9FD182F10}.Release|Any CPU.ActiveCfg = Release|Any CPU
		{4BFED390-046B-4D66-92F4-18E9FD182F10}.Release|Any CPU.Build.0 = Release|Any CPU
	EndGlobalSection
	GlobalSection(SolutionProperties) = preSolution
		HideSolutionNode = FALSE
	EndGlobalSection
	GlobalSection(ExtensibilityGlobals) = postSolution
		SolutionGuid = {3DBD0C1F-FE3C-4F82-98E0-D97C9452CFE0}
	EndGlobalSection
EndGlobal
